
Microsoft Visual Studio Solution File, Format Version 12.00
# Visual Studio 15
VisualStudioVersion = 15.0.28307.421
MinimumVisualStudioVersion = 10.0.40219.1
Project("{9A19103F-16F7-4668-BE54-9A1E7A4F7556}") = "Grenadiers", "src\Grenadiers\Grenadiers.csproj", "{57AF7B0C-79E3-4CA4-9439-F24082609CD4}"
EndProject
Project("{9A19103F-16F7-4668-BE54-9A1E7A4F7556}") = "Grenadiers.Tests", "test\Grenadiers.Tests\Grenadiers.Tests.csproj", "{BA4D2D74-328C-45E0-949B-28084DA295B5}"
EndProject
Project("{2150E333-8FDC-42A3-9474-1A3956D46DE8}") = "Solution Items", "Solution Items", "{CE06F13E-DFF6-43AE-8131-1DB62E0B7BF1}"
	ProjectSection(SolutionItems) = preProject
		LICENSE.md = LICENSE.md
		README.md = README.md
	EndProjectSection
EndProject
Global
	GlobalSection(SolutionConfigurationPlatforms) = preSolution
		Debug|Any CPU = Debug|Any CPU
		Release|Any CPU = Release|Any CPU
	EndGlobalSection
	GlobalSection(ProjectConfigurationPlatforms) = postSolution
		{57AF7B0C-79E3-4CA4-9439-F24082609CD4}.Debug|Any CPU.ActiveCfg = Debug|Any CPU
		{57AF7B0C-79E3-4CA4-9439-F24082609CD4}.Debug|Any CPU.Build.0 = Debug|Any CPU
		{57AF7B0C-79E3-4CA4-9439-F24082609CD4}.Release|Any CPU.ActiveCfg = Release|Any CPU
		{57AF7B0C-79E3-4CA4-9439-F24082609CD4}.Release|Any CPU.Build.0 = Release|Any CPU
		{BA4D2D74-328C-45E0-949B-28084DA295B5}.Debug|Any CPU.ActiveCfg = Debug|Any CPU
		{BA4D2D74-328C-45E0-949B-28084DA295B5}.Debug|Any CPU.Build.0 = Debug|Any CPU
		{BA4D2D74-328C-45E0-949B-28084DA295B5}.Release|Any CPU.ActiveCfg = Release|Any CPU
		{BA4D2D74-328C-45E0-949B-28084DA295B5}.Release|Any CPU.Build.0 = Release|Any CPU
	EndGlobalSection
	GlobalSection(SolutionProperties) = preSolution
		HideSolutionNode = FALSE
	EndGlobalSection
	GlobalSection(ExtensibilityGlobals) = postSolution
		SolutionGuid = {8EFAB3B4-8077-4320-9D58-EE5D2F830D37}
	EndGlobalSection
EndGlobal
